<?xml version="1.0" encoding="utf-8"?>
<Project ToolsVersion="4.0" xmlns="http://schemas.microsoft.com/developer/msbuild/2003">
  <ItemGroup>
    <Filter Include="include">
      <UniqueIdentifier>{f71ed100-a4aa-4ec0-855d-6ac92f1413c0}</UniqueIdentifier>
    </Filter>
    <Filter Include="src">
      <UniqueIdentifier>{e43d95cf-89f8-4ee7-8b04-6d0a1144ebb0}</UniqueIdentifier>
    </Filter>
    <Filter Include="QTomlTest">
      <UniqueIdentifier>{ea32ccdf-eeed-4a9d-b672-8ef80128166b}</UniqueIdentifier>
    </Filter>
  </ItemGroup>
  <ItemGroup>
    <ClCompile Include="main.cpp">
      <Filter>QTomlTest</Filter>
    </ClCompile>
    <ClCompile Include="..\..\..\src\qtomlarray.cpp">
      <Filter>src</Filter>
    </ClCompile>
    <ClCompile Include="..\..\..\src\qtomldatetime.cpp">
      <Filter>src</Filter>
    </ClCompile>
    <ClCompile Include="..\..\..\src\qtomldocument.cpp">
      <Filter>src</Filter>
    </ClCompile>
    <ClCompile Include="..\..\..\src\qtomlobject.cpp">
      <Filter>src</Filter>
    </ClCompile>
    <ClCompile Include="..\..\..\src\qtomlparseerror.cpp">
      <Filter>src</Filter>
    </ClCompile>
    <ClCompile Include="..\..\..\src\qtomlvalue.cpp">
      <Filter>src</Filter>
    </ClCompile>
  </ItemGroup>
  <ItemGroup>
    <QtMoc Include="..\..\..\include\QToml\qtomlarray.h">
      <Filter>include</Filter>
    </QtMoc>
    <QtMoc Include="..\..\..\include\QToml\qtomldatetime.h">
      <Filter>include</Filter>
    </QtMoc>
    <QtMoc Include="..\..\..\include\QToml\qtomldocument.h">
      <Filter>include</Filter>
    </QtMoc>
    <QtMoc Include="..\..\..\include\QToml\qtomlobject.h">
      <Filter>include</Filter>
    </QtMoc>
    <QtMoc Include="..\..\..\include\QToml\qtomlparseerror.h">
      <Filter>include</Filter>
    </QtMoc>
    <QtMoc Include="..\..\..\include\QToml\qtomlvalue.h">
      <Filter>include</Filter>
    </QtMoc>
  </ItemGroup>
  <ItemGroup>
    <ClInclude Include="..\..\..\src\qtomlarray_p.h">
      <Filter>src</Filter>
    </ClInclude>
    <ClInclude Include="..\..\..\src\qtomldatetime_p.h">
      <Filter>src</Filter>
    </ClInclude>
    <ClInclude Include="..\..\..\src\qtomldocument_p.h">
      <Filter>src</Filter>
    </ClInclude>
    <ClInclude Include="..\..\..\src\qtomlobject_p.h">
      <Filter>src</Filter>
    </ClInclude>
    <ClInclude Include="..\..\..\src\qtomlparseerror_p.h">
      <Filter>src</Filter>
    </ClInclude>
    <ClInclude Include="..\..\..\src\qtomlvalue_p.h">
      <Filter>src</Filter>
    </ClInclude>
  </ItemGroup>
</Project>